PODS:
  - ToolLibrary (0.0.2):
    - ToolLibrary/UIKitAddition (= 0.0.2)
  - ToolLibrary/UIKitAddition (0.0.2)

DEPENDENCIES:
  - ToolLibrary (from `../`)

EXTERNAL SOURCES:
  ToolLibrary:
    :path: "../"

SPEC CHECKSUMS:
  ToolLibrary: 2591c787fac7dc83c083d150e45bf9689e0a7fa4

PODFILE CHECKSUM: c6fa6be807d7b0546ac55ad7c2a9cf202f8ecf0f

COCOAPODS: 1.2.1
