PODS:
  - ToolLibrary (0.0.1):
    - ToolLibrary/UIKitAddition (= 0.0.1)
  - ToolLibrary/UIKitAddition (0.0.1)

DEPENDENCIES:
  - ToolLibrary (from `../`)

EXTERNAL SOURCES:
  ToolLibrary:
    :path: "../"

SPEC CHECKSUMS:
  ToolLibrary: f18a27250c9214ec01089e6d917ef9c791b86457

PODFILE CHECKSUM: c6fa6be807d7b0546ac55ad7c2a9cf202f8ecf0f

COCOAPODS: 1.2.1
